dependencies:
  espp/base_component:
    component_hash: a4da2e51f8545f3f56c2cc4df62d58a5c1683aae6dca1303da6eeb382735d916
    dependencies:
    - name: espp/logger
      registry_url: https://components.espressif.com
      require: private
      version: '>=1.0'
    - name: idf
      require: private
      version: '>=5.0'
    source:
      registry_url: https://components.espressif.com
      type: service
    version: 1.0.31
  espp/format:
    component_hash: 97ebfaceff6189ab95190bee4da489c48e5295df8ddfcd401eabae88fead8bb8
    dependencies:
    - name: idf
      require: private
      version: '>=5.0'
    source:
      registry_url: https://components.espressif.com
      type: service
    version: 1.0.31
  espp/logger:
    component_hash: 4a0c402511864c995d9261642fb545c1af2a3fb6ff994007ce88f08155595b88
    dependencies:
    - name: espp/format
      registry_url: https://components.espressif.com
      require: private
      version: '>=1.0'
    - name: idf
      require: private
      version: '>=5.0'
    source:
      registry_url: https://components.espressif.com
      type: service
    version: 1.0.31
  espp/task:
    component_hash: 259b1769bf50697c16e01552b825a4d38f60353025fdd9138545bffd11e4efe9
    dependencies:
    - name: espp/base_component
      registry_url: https://components.espressif.com
      require: private
      version: '>=1.0'
    - name: idf
      require: private
      version: '>=5.0'
    source:
      registry_url: https://components.espressif.com/
      type: service
    version: 1.0.31
  idf:
    source:
      type: idf
    version: 5.5.1
direct_dependencies:
- espp/task
- idf
manifest_hash: e20aa6291450d0f99e731580df5f812c1aea34eb4bde8e46526bafa1deb025f3
target: esp32c6
version: 2.0.0
